{
    "_meta": {
        "hash": {
            "sha256": "b8b1cabc5756a940cf0e5f6c0516f145a58d167fe16eef10405253de0a738420"
        },
        "pipfile-spec": 6,
        "requires": {
            "python_version": "3.6"
        },
        "sources": [
            {
                "name": "pypi",
                "url": "https://pypi.org/simple",
                "verify_ssl": true
            }
        ]
    },
    "default": {
        "attrs": {
            "hashes": [
                "sha256:4b90b09eeeb9b88c35bc642cbac057e45a5fd85367b985bd2809c62b7b939265",
                "sha256:e0d0eb91441a3b53dab4d9b743eafc1ac44476296a2053b6ca3af0b139faf87b"
            ],
            "version": "==18.1.0"
        },
        "avro-cwl": {
            "hashes": [
                "sha256:0334de2f44166b449bd2ea29d525ffe531146d7e2aad84c2b0eee081f636c7f4",
                "sha256:cefd60eda80360a502d3d81a24d3ea7c9be415d7fd959f2bdf253adcbc5162a9"
            ],
            "markers": "python_version >= '3'",
            "version": "==1.8.4"
        },
        "cachecontrol": {
            "hashes": [
                "sha256:8f7829d92584f1f2360ebfff4517ee359787d5b7dfa2ef9579f871b628745a1e"
            ],
            "version": "==0.11.7"
        },
        "certifi": {
            "hashes": [
                "sha256:13e698f54293db9f89122b0581843a782ad0934a4fe0172d2a980ba77fc61bb7",
                "sha256:9fa520c1bacfb634fa7af20a76bcbd3d5fb390481724c597da32c719a7dca4b0"
            ],
            "version": "==2018.4.16"
        },
        "chardet": {
            "hashes": [
                "sha256:84ab92ed1c4d4f16916e05906b6b75a6c0fb5db821cc65e70cbd64a3e2a5eaae",
                "sha256:fc323ffcaeaed0e0a02bf4d117757b98aed530d9ed4531e3e15460124c106691"
            ],
            "version": "==3.0.4"
        },
        "click": {
            "hashes": [
                "sha256:29f99fc6125fbc931b758dc053b3114e55c77a6e4c6c3a2674a2dc986016381d",
                "sha256:f15516df478d5a56180fbf80e68f206010e6d160fc39fa508b65e035fd75130b"
            ],
            "index": "pypi",
            "version": "==6.7"
        },
        "click-plugins": {
            "hashes": [
                "sha256:7acc5e7eedd2dfd719714e8d53ae99030b5357aed661d0b06dacd6c2d583d7c5"
            ],
            "version": "==1.0.3"
        },
        "cwltool": {
            "hashes": [
                "sha256:1ac0c572126622d0be7aec0e74f102dc65ed78e7e1baf685ef9b798ec1af0a0f",
                "sha256:86eda1d65b1f5f215e0cf00b1ff6d1a051fc9481cf92145fe9b8dd6d357b059a"
            ],
            "version": "==1.0.20180525185854"
        },
        "decorator": {
            "hashes": [
                "sha256:2c51dff8ef3c447388fe5e4453d24a2bf128d3a4c32af3fabef1f01c6851ab82",
                "sha256:c39efa13fbdeb4506c476c9b3babf6a718da943dab7811c206005a4a956c080c"
            ],
            "version": "==4.3.0"
        },
        "environ-config": {
            "hashes": [
                "sha256:1bdec05c515676e0de2b794c10de4ceee9709b416945646a1f5bed5714a9cc29",
                "sha256:45600572905e9785b0911ce0a563c2a8f6e589824f50d8d3541bd413f432e13e"
            ],
            "version": "==18.2.0"
        },
        "filelock": {
            "hashes": [
                "sha256:011327d4ed939693a5b28c0fdf2fd9bda1f68614c1d6d0643a89382ce9843a71"
            ],
            "version": "==3.0.4"
        },
        "future": {
            "hashes": [
                "sha256:e39ced1ab767b5936646cedba8bcce582398233d6a627067d4c6a454c90cfedb"
            ],
            "markers": "python_version >= '3'",
            "version": "==0.16.0"
        },
        "gitdb2": {
            "hashes": [
                "sha256:87783b7f4a8f6b71c7fe81d32179b3c8781c1a7d6fa0c69bff2f315b00aff4f8",
                "sha256:bb4c85b8a58531c51373c89f92163b92f30f81369605a67cd52d1fc21246c044"
            ],
            "version": "==2.0.4"
        },
        "gitpython": {
            "hashes": [
                "sha256:563221e5a44369c6b79172f455584c9ebbb122a13368cc82cb4b5addff788f82",
                "sha256:8237dc5bfd6f1366abeee5624111b9d6879393d84745a507de0fda86043b65a8"
            ],
            "version": "==2.1.11"
        },
        "idna": {
            "hashes": [
                "sha256:156a6814fb5ac1fc6850fb002e0852d56c0c8d2531923a51032d1b70760e186e",
                "sha256:684a38a6f903c1d71d6d5fac066b58d7768af4de2b832e426ec79c30daa94a16"
            ],
            "version": "==2.7"
        },
        "isodate": {
            "hashes": [
                "sha256:2e364a3d5759479cdb2d37cce6b9376ea504db2ff90252a2e5b7cc89cc9ff2d8",
                "sha256:aa4d33c06640f5352aca96e4b81afd8ab3b47337cc12089822d6f322ac772c81"
            ],
            "version": "==0.6.0"
        },
        "lockfile": {
            "hashes": [
                "sha256:6aed02de03cba24efabcd600b30540140634fc06cfa603822d508d5361e9f799",
                "sha256:6c3cb24f344923d30b2785d5ad75182c8ea7ac1b6171b08657258ec7429d50fa"
            ],
            "version": "==0.12.2"
        },
        "mistune": {
            "hashes": [
                "sha256:4ee2350e750acab4c4ae2fb16197f9f27b9a4740e87ed4ad9f7ecdc987bed9bc",
                "sha256:8517af9f5cd1857bb83f9a23da75aa516d7538c32a2c5d5c56f3789a9e4cd22f",
                "sha256:94b9f0c3c7f2bae302009d8bec2bb803daec8879e0ea2102630f5ea7ade2c96b",
                "sha256:9d21a8ad203c6d7253492518fde7e633c561fecd544301017ab4a5929452955b"
            ],
            "version": "==0.7.4"
        },
        "networkx": {
            "hashes": [
                "sha256:64272ca418972b70a196cb15d9c85a5a6041f09a2f32e0d30c0255f25d458bb1"
            ],
            "version": "==2.1"
        },
        "oauthlib": {
            "hashes": [
                "sha256:ac35665a61c1685c56336bda97d5eefa246f1202618a1d6f34fccb1bdd404162",
                "sha256:d883b36b21a6ad813953803edfa563b1b579d79ca758fe950d1bc9e8b326025b"
            ],
            "version": "==2.1.0"
        },
        "pydot": {
            "hashes": [
                "sha256:92d2e2d15531d00710f2d6fb5540d2acabc5399d464f2f20d5d21073af241eb6"
            ],
            "version": "==1.2.4"
        },
        "pyld": {
            "hashes": [
                "sha256:f50a08fc9be794e869f20e594311e6569be30bd3e3adc87a3f130cd9ba79228a"
            ],
            "version": "==1.0.3"
        },
        "pyparsing": {
            "hashes": [
                "sha256:0832bcf47acd283788593e7a0f542407bd9550a55a8a8435214a1960e04bcb04",
                "sha256:fee43f17a9c4087e7ed1605bd6df994c6173c1e977d7ade7b651292fab2bd010"
            ],
            "version": "==2.2.0"
        },
        "python-dateutil": {
            "hashes": [
                "sha256:1adb80e7a782c12e52ef9a8182bebeb73f1d7e24e374397af06fb4956c8dc5c0",
                "sha256:e27001de32f627c22380a688bcc43ce83504a7bc5da472209b4c70f02829f0b8"
            ],
            "version": "==2.7.3"
        },
        "pyyaml": {
            "hashes": [
                "sha256:3d7da3009c0f3e783b2c873687652d83b1bbfd5c88e9813fb7e5b03c0dd3108b",
                "sha256:3ef3092145e9b70e3ddd2c7ad59bdd0252a94dfe3949721633e41344de00a6bf",
                "sha256:40c71b8e076d0550b2e6380bada1f1cd1017b882f7e16f09a65be98e017f211a",
                "sha256:558dd60b890ba8fd982e05941927a3911dc409a63dcb8b634feaa0cda69330d3",
                "sha256:a7c28b45d9f99102fa092bb213aa12e0aaf9a6a1f5e395d36166639c1f96c3a1",
                "sha256:aa7dd4a6a427aed7df6fb7f08a580d68d9b118d90310374716ae90b710280af1",
                "sha256:bc558586e6045763782014934bfaf39d48b8ae85a2713117d16c39864085c613",
                "sha256:d46d7982b62e0729ad0175a9bc7e10a566fc07b224d2c79fafb5e032727eaa04",
                "sha256:d5eef459e30b09f5a098b9cea68bebfeb268697f78d647bd255a085371ac7f3f",
                "sha256:e01d3203230e1786cd91ccfdc8f8454c8069c91bee3962ad93b87a4b2860f537",
                "sha256:e170a9e6fcfd19021dd29845af83bb79236068bf5fd4df3327c1be18182b2531"
            ],
            "version": "==3.13"
        },
        "rdflib": {
            "hashes": [
                "sha256:58d5994610105a457cff7fdfe3d683d87786c5028a45ae032982498a7e913d6f",
                "sha256:da1df14552555c5c7715d8ce71c08f404c988c58a1ecd38552d0da4fc261280d"
            ],
            "version": "==4.2.2"
        },
        "rdflib-jsonld": {
            "hashes": [
                "sha256:144774786a2fc7de09b24a9309cbcccc78bc48b152536d2ea1c1df2ad715bc2d"
            ],
            "version": "==0.4.0"
        },
        "renku": {
            "editable": true,
            "git": "https://github.com/SwissDataScienceCenter/renku-python.git",
            "ref": "5ab1f38971580913bfe74718d78552759299ec8c"
        },
        "requests": {
            "hashes": [
                "sha256:63b52e3c866428a224f97cab011de738c36aec0185aa91cfacd418b5d58911d1",
                "sha256:ec22d826a36ed72a7358ff3fe56cbd4ba69dd7a6718ffd450ff0e9df7a47ce6a"
            ],
            "version": "==2.19.1"
        },
        "requests-oauthlib": {
            "hashes": [
                "sha256:8886bfec5ad7afb391ed5443b1f697c6f4ae98d0e5620839d8b4499c032ada3f",
                "sha256:e21232e2465808c0e892e0e4dbb8c2faafec16ac6dc067dd546e9b466f3deac8"
            ],
            "version": "==1.0.0"
        },
        "ruamel.yaml": {
            "hashes": [
                "sha256:0eecb39c0edc55c220f71788958bd6608669592269f996a55a4f74039dce6ed5",
                "sha256:8544c8017aebea70f73c5618b45190577e9b30c33580ebb762afd9c900996d3d",
                "sha256:90f9833e97875f14d0893690311d11beeeb88952776d4aff5c218b941b992b86",
                "sha256:9e6628706c6b513cb86f0ab78f6f457a1ecf0fadaaf15c8a2af59eba0d15e3ec",
                "sha256:9f0a9d5c94d0437efc520cc05d70b244101e5185edcd279a7f0a64bb28baaec1",
                "sha256:bd67c6836e530f4a6e404cdd9f698808a01c27947ecec98db46ff8e6e3ec7632",
                "sha256:da6f9adcb779c329cf853c086ecf1699214bb289c8c28439027d24a640bd65f8"
            ],
            "version": "==0.14.12"
        },
        "schema-salad": {
            "hashes": [
                "sha256:1db38851292fde76ce7700f2e47037b37912485c623d9fdf60b47cdfcdf90935",
                "sha256:905551d7e7e0db66eeebba20edde67afa31b9feb019a42d16a71a10f53bb5407"
            ],
            "version": "==2.7.20180719125426"
        },
        "shellescape": {
            "hashes": [
                "sha256:3ff2aeb6ce2c5a4e6059fe4a2a745a824f5a3834fe8365a39c5ea691073cfdb6",
                "sha256:e618b2bc13f2553315ca1669995dc10fcc2cae5f1e0fda49035ef02d56f0b358"
            ],
            "version": "==3.4.1"
        },
        "six": {
            "hashes": [
                "sha256:70e8a77beed4562e7f14fe23a786b54f6296e34344c23bc42f07b15018ff98e9",
                "sha256:832dc0e10feb1aa2c68dcc57dbb658f1c7e65b9b61af69048abc87a2db00a0eb"
            ],
            "version": "==1.11.0"
        },
        "smmap2": {
            "hashes": [
                "sha256:0dd53d991af487f9b22774fa89451358da3607c02b9b886a54736c6a313ece0b",
                "sha256:dc216005e529d57007ace27048eb336dcecb7fc413cfb3b2f402bb25972b69c6"
            ],
            "version": "==2.0.4"
        },
        "subprocess32": {
            "hashes": [
                "sha256:24b66882f5f7aaedcd46b4669322e88d639d46c6ce4679ae7f397bbe4fe9a529",
                "sha256:eb2b989cf03ffc7166339eb34f1aa26c5ace255243337b1e22dab7caa1166687"
            ],
            "markers": "python_version < '4' and python_version != '3.0.*' and python_version != '3.2.*' and python_version >= '2.6' and python_version != '3.1.*'",
            "version": "==3.5.2"
        },
        "tabulate": {
            "hashes": [
                "sha256:e4ca13f26d0a6be2a2915428dc21e732f1e44dad7f76d7030b2ef1ec251cf7f2"
            ],
            "version": "==0.8.2"
        },
        "typing": {
            "hashes": [
                "sha256:3a887b021a77b292e151afb75323dea88a7bc1b3dfa92176cff8e44c8b68bddf",
                "sha256:b2c689d54e1144bbcfd191b0832980a21c2dbcf7b5ff7a66248a60c90e951eb8",
                "sha256:d400a9344254803a2368533e4533a4200d21eb7b6b729c173bc38201a74db3f2"
            ],
            "markers": "python_version < '3.7'",
            "version": "==3.6.4"
        },
        "urllib3": {
            "hashes": [
                "sha256:a68ac5e15e76e7e5dd2b8f94007233e01effe3e50e8daddf69acfd81cb686baf",
                "sha256:b5725a0bd4ba422ab0e66e89e030c806576753ea3ee08554382c14e685d117b5"
            ],
            "markers": "python_version < '4' and python_version != '3.0.*' and python_version != '3.2.*' and python_version != '3.3.*' and python_version >= '2.6' and python_version != '3.1.*'",
            "version": "==1.23"
        },
        "werkzeug": {
            "hashes": [
                "sha256:c3fd7a7d41976d9f44db327260e263132466836cef6f91512889ed60ad26557c",
                "sha256:d5da73735293558eb1651ee2fddc4d0dedcfa06538b8813a2e20011583c9e49b"
            ],
            "version": "==0.14.1"
        }
    },
    "develop": {}
}
